
Microsoft Visual Studio Solution File, Format Version 12.00
# Visual Studio Version 17
VisualStudioVersion = 17.5.002.0
MinimumVisualStudioVersion = 10.0.40219.1
Project("{9A19103F-16F7-4668-BE54-9A1E7A4F7556}") = "NotesApp", "NotesApp.csproj", "{A72F03CC-DF45-4578-92C9-50363BEC25DC}"
EndProject
Global
	GlobalSection(SolutionConfigurationPlatforms) = preSolution
		Debug|Any CPU = Debug|Any CPU
		Release|Any CPU = Release|Any CPU
	EndGlobalSection
	GlobalSection(ProjectConfigurationPlatforms) = postSolution
		{A72F03CC-DF45-4578-92C9-50363BEC25DC}.Debug|Any CPU.ActiveCfg = Debug|Any CPU
		{A72F03CC-DF45-4578-92C9-50363BEC25DC}.Debug|Any CPU.Build.0 = Debug|Any CPU
		{A72F03CC-DF45-4578-92C9-50363BEC25DC}.Release|Any CPU.ActiveCfg = Release|Any CPU
		{A72F03CC-DF45-4578-92C9-50363BEC25DC}.Release|Any CPU.Build.0 = Release|Any CPU
	EndGlobalSection
	GlobalSection(SolutionProperties) = preSolution
		HideSolutionNode = FALSE
	EndGlobalSection
	GlobalSection(ExtensibilityGlobals) = postSolution
		SolutionGuid = {25F91F9C-553B-4C5D-A044-613E479BE25D}
	EndGlobalSection
EndGlobal
